<?xml version="1.0" encoding="utf-8"?>
<Project ToolsVersion="4.0" xmlns="http://schemas.microsoft.com/developer/msbuild/2003">
  <ItemGroup>
    <Filter Include="Pliki źródłowe">
      <UniqueIdentifier>{4FC737F1-C7A5-4376-A066-2A32D752A2FF}</UniqueIdentifier>
      <Extensions>cpp;c;cc;cxx;c++;cppm;ixx;def;odl;idl;hpj;bat;asm;asmx</Extensions>
    </Filter>
    <Filter Include="Pliki nagłówkowe">
      <UniqueIdentifier>{93995380-89BD-4b04-88EB-625FBE52EBFB}</UniqueIdentifier>
      <Extensions>h;hh;hpp;hxx;h++;hm;inl;inc;ipp;xsd</Extensions>
    </Filter>
    <Filter Include="Pliki zasobów">
      <UniqueIdentifier>{67DA6AB6-F800-4c08-8B7A-83BB121AAD01}</UniqueIdentifier>
      <Extensions>rc;ico;cur;bmp;dlg;rc2;rct;bin;rgs;gif;jpg;jpeg;jpe;resx;tiff;tif;png;wav;mfcribbon-ms</Extensions>
    </Filter>
    <Filter Include="Pliki źródłowe\Scenes">
      <UniqueIdentifier>{358a6b52-f593-434a-89fa-d1c9479ba322}</UniqueIdentifier>
    </Filter>
    <Filter Include="Pliki nagłówkowe\Scenes">
      <UniqueIdentifier>{a6e08de9-d842-421a-a0ca-952a1eed6e71}</UniqueIdentifier>
    </Filter>
    <Filter Include="Pliki źródłowe\GUI">
      <UniqueIdentifier>{b800e32c-d292-401b-a5ba-fd14a3c412f1}</UniqueIdentifier>
    </Filter>
    <Filter Include="Pliki nagłówkowe\GUI">
      <UniqueIdentifier>{97c336dc-d3d8-455f-ba10-654d1f7f344a}</UniqueIdentifier>
    </Filter>
    <Filter Include="Pliki źródłowe\GameObjects">
      <UniqueIdentifier>{14e50fe3-5cfb-4312-8a9b-003dab940974}</UniqueIdentifier>
    </Filter>
    <Filter Include="Pliki nagłówkowe\GameObjects">
      <UniqueIdentifier>{609a1499-40d3-4df6-b622-e90d9b3287f9}</UniqueIdentifier>
    </Filter>
    <Filter Include="Pliki źródłowe\Levels">
      <UniqueIdentifier>{053fea36-bd93-4258-96b9-54fffcba32c2}</UniqueIdentifier>
    </Filter>
    <Filter Include="Pliki nagłówkowe\Levels">
      <UniqueIdentifier>{309ce09f-0005-47be-81f1-aab78f5e6af4}</UniqueIdentifier>
    </Filter>
    <Filter Include="Pliki źródłowe\Configs">
      <UniqueIdentifier>{c436c98f-6173-4a78-be33-6f441f46c43e}</UniqueIdentifier>
    </Filter>
    <Filter Include="Pliki nagłówkowe\Configs">
      <UniqueIdentifier>{708429e3-3838-4f09-80b6-0d64850ff0e1}</UniqueIdentifier>
    </Filter>
    <Filter Include="Pliki nagłówkowe\Editor">
      <UniqueIdentifier>{66d36f0d-4e0f-477e-b946-8c777d6c891e}</UniqueIdentifier>
    </Filter>
    <Filter Include="Pliki źródłowe\Editor">
      <UniqueIdentifier>{332bdead-7de1-4037-a4fb-5a94cad084be}</UniqueIdentifier>
    </Filter>
  </ItemGroup>
  <ItemGroup>
    <ClCompile Include="main.cpp">
      <Filter>Pliki źródłowe</Filter>
    </ClCompile>
    <ClCompile Include="SceneManager.cpp">
      <Filter>Pliki źródłowe\Scenes</Filter>
    </ClCompile>
    <ClCompile Include="Scene.cpp">
      <Filter>Pliki źródłowe\Scenes</Filter>
    </ClCompile>
    <ClCompile Include="MainMenuScene.cpp">
      <Filter>Pliki źródłowe\Scenes</Filter>
    </ClCompile>
    <ClCompile Include="Button.cpp">
      <Filter>Pliki źródłowe\GUI</Filter>
    </ClCompile>
    <ClCompile Include="Paddle.cpp">
      <Filter>Pliki źródłowe\GameObjects</Filter>
    </ClCompile>
    <ClCompile Include="Brick.cpp">
      <Filter>Pliki źródłowe\GameObjects</Filter>
    </ClCompile>
    <ClCompile Include="Label.cpp">
      <Filter>Pliki źródłowe\GUI</Filter>
    </ClCompile>
    <ClCompile Include="FontManager.cpp">
      <Filter>Pliki źródłowe\GUI</Filter>
    </ClCompile>
    <ClCompile Include="WindowConfig.cpp">
      <Filter>Pliki źródłowe\Configs</Filter>
    </ClCompile>
    <ClCompile Include="Ball.cpp">
      <Filter>Pliki źródłowe\GameObjects</Filter>
    </ClCompile>
    <ClCompile Include="GameManager.cpp">
      <Filter>Pliki źródłowe\Levels</Filter>
    </ClCompile>
    <ClCompile Include="GamePanel.cpp">
      <Filter>Pliki źródłowe\GUI</Filter>
    </ClCompile>
    <ClCompile Include="EndGameScene.cpp">
      <Filter>Pliki źródłowe\Scenes</Filter>
    </ClCompile>
    <ClCompile Include="LevelScene.cpp">
      <Filter>Pliki źródłowe\Scenes</Filter>
    </ClCompile>
    <ClCompile Include="LevelEditorScene.cpp">
      <Filter>Pliki źródłowe\Scenes</Filter>
    </ClCompile>
    <ClCompile Include="BrickPlaceholder.cpp">
      <Filter>Pliki źródłowe\Editor</Filter>
    </ClCompile>
    <ClCompile Include="BrickConfigManager.cpp">
      <Filter>Pliki źródłowe\Levels</Filter>
    </ClCompile>
    <ClCompile Include="InMemoryBrickConfig.cpp">
      <Filter>Pliki źródłowe\Levels</Filter>
    </ClCompile>
    <ClCompile Include="FileBrickConfig.cpp">
      <Filter>Pliki źródłowe\Levels</Filter>
    </ClCompile>
  </ItemGroup>
  <ItemGroup>
    <ClInclude Include="SceneManager.h">
      <Filter>Pliki nagłówkowe\Scenes</Filter>
    </ClInclude>
    <ClInclude Include="Scene.h">
      <Filter>Pliki nagłówkowe\Scenes</Filter>
    </ClInclude>
    <ClInclude Include="MainMenuScene.h">
      <Filter>Pliki nagłówkowe\Scenes</Filter>
    </ClInclude>
    <ClInclude Include="Button.h">
      <Filter>Pliki nagłówkowe\GUI</Filter>
    </ClInclude>
    <ClInclude Include="Paddle.h">
      <Filter>Pliki nagłówkowe\GameObjects</Filter>
    </ClInclude>
    <ClInclude Include="Brick.h">
      <Filter>Pliki nagłówkowe\GameObjects</Filter>
    </ClInclude>
    <ClInclude Include="Label.h">
      <Filter>Pliki nagłówkowe\GUI</Filter>
    </ClInclude>
    <ClInclude Include="FontManager.h">
      <Filter>Pliki nagłówkowe\GUI</Filter>
    </ClInclude>
    <ClInclude Include="WindowConfig.h">
      <Filter>Pliki nagłówkowe\Configs</Filter>
    </ClInclude>
    <ClInclude Include="Ball.h">
      <Filter>Pliki nagłówkowe\GameObjects</Filter>
    </ClInclude>
    <ClInclude Include="GameManager.h">
      <Filter>Pliki nagłówkowe\Levels</Filter>
    </ClInclude>
    <ClInclude Include="GamePanel.h">
      <Filter>Pliki nagłówkowe\GUI</Filter>
    </ClInclude>
    <ClInclude Include="EndGameScene.h">
      <Filter>Pliki nagłówkowe\Scenes</Filter>
    </ClInclude>
    <ClInclude Include="LevelScene.h">
      <Filter>Pliki nagłówkowe\Scenes</Filter>
    </ClInclude>
    <ClInclude Include="LevelEditorScene.h">
      <Filter>Pliki nagłówkowe\Scenes</Filter>
    </ClInclude>
    <ClInclude Include="BrickPlaceholder.h">
      <Filter>Pliki nagłówkowe\Editor</Filter>
    </ClInclude>
    <ClInclude Include="BrickConfigManager.h">
      <Filter>Pliki nagłówkowe\Levels</Filter>
    </ClInclude>
    <ClInclude Include="InMemoryBrickConfig.h">
      <Filter>Pliki nagłówkowe\Levels</Filter>
    </ClInclude>
    <ClInclude Include="FileBrickConfig.h">
      <Filter>Pliki nagłówkowe\Levels</Filter>
    </ClInclude>
    <ClInclude Include="GridLayoutConfig.h">
      <Filter>Pliki nagłówkowe\Configs</Filter>
    </ClInclude>
  </ItemGroup>
</Project>